
Microsoft Visual Studio Solution File, Format Version 12.00
# Visual Studio Version 16
VisualStudioVersion = 16.0.31911.196
MinimumVisualStudioVersion = 10.0.40219.1
Project("{FAE04EC0-301F-11D3-BF4B-00C04F79EFBC}") = "FootballBetting-12Matches", "FootballBetting-12Matches\FootballBetting-12Matches.csproj", "{C35C3E24-45DB-4D0E-9F78-79F8C6DBE868}"
EndProject
Global
	GlobalSection(SolutionConfigurationPlatforms) = preSolution
		Debug|Any CPU = Debug|Any CPU
		Release|Any CPU = Release|Any CPU
	EndGlobalSection
	GlobalSection(ProjectConfigurationPlatforms) = postSolution
		{C35C3E24-45DB-4D0E-9F78-79F8C6DBE868}.Debug|Any CPU.ActiveCfg = Debug|Any CPU
		{C35C3E24-45DB-4D0E-9F78-79F8C6DBE868}.Debug|Any CPU.Build.0 = Debug|Any CPU
		{C35C3E24-45DB-4D0E-9F78-79F8C6DBE868}.Release|Any CPU.ActiveCfg = Release|Any CPU
		{C35C3E24-45DB-4D0E-9F78-79F8C6DBE868}.Release|Any CPU.Build.0 = Release|Any CPU
	EndGlobalSection
	GlobalSection(SolutionProperties) = preSolution
		HideSolutionNode = FALSE
	EndGlobalSection
	GlobalSection(ExtensibilityGlobals) = postSolution
		SolutionGuid = {9A4BBE7F-519D-4F61-9A26-7424253E8225}
	EndGlobalSection
EndGlobal
